// !$*UTF8*$!
{
	archiveVersion = 1;
	classes = {
	};
	objectVersion = 56;
	objects = {

/* Begin PBXBuildFile section */
		0B8B6BDC2B8E42B4005A9EFD /* CommentRowView.swift in Sources */ = {isa = PBXBuildFile; fileRef = 0B8B6BDB2B8E42B4005A9EFD /* CommentRowView.swift */; };
		0B8B6BDE2B8FACDD005A9EFD /* TweetView.swift in Sources */ = {isa = PBXBuildFile; fileRef = 0B8B6BDD2B8FACDD005A9EFD /* TweetView.swift */; };
		58F925572B88A71E008C4217 /* MyModels.swift in Sources */ = {isa = PBXBuildFile; fileRef = 58F925562B88A71E008C4217 /* MyModels.swift */; };
		58F9255A2B88A757008C4217 /* ImageHelper.swift in Sources */ = {isa = PBXBuildFile; fileRef = 58F925592B88A757008C4217 /* ImageHelper.swift */; };
		58F9255D2B88A96E008C4217 /* Constant.swift in Sources */ = {isa = PBXBuildFile; fileRef = 58F9255C2B88A96E008C4217 /* Constant.swift */; };
		58F9255F2B88A9D6008C4217 /* UrlConstant.swift in Sources */ = {isa = PBXBuildFile; fileRef = 58F9255E2B88A9D6008C4217 /* UrlConstant.swift */; };
		58F925642B88AB3F008C4217 /* HttpService.swift in Sources */ = {isa = PBXBuildFile; fileRef = 58F925632B88AB3F008C4217 /* HttpService.swift */; };
		58F925662B88AB54008C4217 /* UserService.swift in Sources */ = {isa = PBXBuildFile; fileRef = 58F925652B88AB54008C4217 /* UserService.swift */; };
		58F925682B88AB67008C4217 /* TweetService.swift in Sources */ = {isa = PBXBuildFile; fileRef = 58F925672B88AB67008C4217 /* TweetService.swift */; };
		58F9256B2B88ABF8008C4217 /* Color.swift in Sources */ = {isa = PBXBuildFile; fileRef = 58F9256A2B88ABF8008C4217 /* Color.swift */; };
		58F9256D2B88ABFF008C4217 /* UIImage.swift in Sources */ = {isa = PBXBuildFile; fileRef = 58F9256C2B88ABFF008C4217 /* UIImage.swift */; };
		58F9256F2B88AC06008C4217 /* String.swift in Sources */ = {isa = PBXBuildFile; fileRef = 58F9256E2B88AC06008C4217 /* String.swift */; };
		6A19DA3C2B9042D3007A77A3 /* TweetServiceTests.swift in Sources */ = {isa = PBXBuildFile; fileRef = 6A19DA322B9042D3007A77A3 /* TweetServiceTests.swift */; };
		6A19DA3E2B9042D3007A77A3 /* UserServiceTests.swift in Sources */ = {isa = PBXBuildFile; fileRef = 6A19DA342B9042D3007A77A3 /* UserServiceTests.swift */; };
		6A19DA3F2B9042D3007A77A3 /* HttpServiceTests.swift in Sources */ = {isa = PBXBuildFile; fileRef = 6A19DA352B9042D3007A77A3 /* HttpServiceTests.swift */; };
		6A19DA412B9042D3007A77A3 /* Tweets.json in Resources */ = {isa = PBXBuildFile; fileRef = 6A19DA392B9042D3007A77A3 /* Tweets.json */; };
		6A19DA422B9042D3007A77A3 /* TestDataConfig.swift in Sources */ = {isa = PBXBuildFile; fileRef = 6A19DA3B2B9042D3007A77A3 /* TestDataConfig.swift */; };
		6AE197B42B8732BE00901ED1 /* WeChatMomentsApp.swift in Sources */ = {isa = PBXBuildFile; fileRef = 6AE197B32B8732BE00901ED1 /* WeChatMomentsApp.swift */; };
		6AE197B62B8732BE00901ED1 /* MomentView.swift in Sources */ = {isa = PBXBuildFile; fileRef = 6AE197B52B8732BE00901ED1 /* MomentView.swift */; };
		6AE197B82B8732BF00901ED1 /* Assets.xcassets in Resources */ = {isa = PBXBuildFile; fileRef = 6AE197B72B8732BF00901ED1 /* Assets.xcassets */; };
		6AE197BB2B8732BF00901ED1 /* Preview Assets.xcassets in Resources */ = {isa = PBXBuildFile; fileRef = 6AE197BA2B8732BF00901ED1 /* Preview Assets.xcassets */; };
		6AE197C52B8732BF00901ED1 /* WeChatMomentsTests.swift in Sources */ = {isa = PBXBuildFile; fileRef = 6AE197C42B8732BF00901ED1 /* WeChatMomentsTests.swift */; };
		6AE197CF2B8732BF00901ED1 /* WeChatMomentsUITests.swift in Sources */ = {isa = PBXBuildFile; fileRef = 6AE197CE2B8732BF00901ED1 /* WeChatMomentsUITests.swift */; };
/* End PBXBuildFile section */

/* Begin PBXContainerItemProxy section */
		6AE197C12B8732BF00901ED1 /* PBXContainerItemProxy */ = {
			isa = PBXContainerItemProxy;
			containerPortal = 6AE197A82B8732BE00901ED1 /* Project object */;
			proxyType = 1;
			remoteGlobalIDString = 6AE197AF2B8732BE00901ED1;
			remoteInfo = WeChatMoments;
		};
		6AE197CB2B8732BF00901ED1 /* PBXContainerItemProxy */ = {
			isa = PBXContainerItemProxy;
			containerPortal = 6AE197A82B8732BE00901ED1 /* Project object */;
			proxyType = 1;
			remoteGlobalIDString = 6AE197AF2B8732BE00901ED1;
			remoteInfo = WeChatMoments;
		};
/* End PBXContainerItemProxy section */

/* Begin PBXFileReference section */
		0B8B6BDB2B8E42B4005A9EFD /* CommentRowView.swift */ = {isa = PBXFileReference; lastKnownFileType = sourcecode.swift; path = CommentRowView.swift; sourceTree = "<group>"; };
		0B8B6BDD2B8FACDD005A9EFD /* TweetView.swift */ = {isa = PBXFileReference; lastKnownFileType = sourcecode.swift; path = TweetView.swift; sourceTree = "<group>"; };
		58F925562B88A71E008C4217 /* MyModels.swift */ = {isa = PBXFileReference; lastKnownFileType = sourcecode.swift; path = MyModels.swift; sourceTree = "<group>"; };
		58F925592B88A757008C4217 /* ImageHelper.swift */ = {isa = PBXFileReference; lastKnownFileType = sourcecode.swift; path = ImageHelper.swift; sourceTree = "<group>"; };
		58F9255C2B88A96E008C4217 /* Constant.swift */ = {isa = PBXFileReference; lastKnownFileType = sourcecode.swift; path = Constant.swift; sourceTree = "<group>"; };
		58F9255E2B88A9D6008C4217 /* UrlConstant.swift */ = {isa = PBXFileReference; lastKnownFileType = sourcecode.swift; path = UrlConstant.swift; sourceTree = "<group>"; };
		58F925632B88AB3F008C4217 /* HttpService.swift */ = {isa = PBXFileReference; lastKnownFileType = sourcecode.swift; path = HttpService.swift; sourceTree = "<group>"; };
		58F925652B88AB54008C4217 /* UserService.swift */ = {isa = PBXFileReference; lastKnownFileType = sourcecode.swift; path = UserService.swift; sourceTree = "<group>"; };
		58F925672B88AB67008C4217 /* TweetService.swift */ = {isa = PBXFileReference; lastKnownFileType = sourcecode.swift; path = TweetService.swift; sourceTree = "<group>"; };
		58F9256A2B88ABF8008C4217 /* Color.swift */ = {isa = PBXFileReference; lastKnownFileType = sourcecode.swift; path = Color.swift; sourceTree = "<group>"; };
		58F9256C2B88ABFF008C4217 /* UIImage.swift */ = {isa = PBXFileReference; lastKnownFileType = sourcecode.swift; path = UIImage.swift; sourceTree = "<group>"; };
		58F9256E2B88AC06008C4217 /* String.swift */ = {isa = PBXFileReference; lastKnownFileType = sourcecode.swift; path = String.swift; sourceTree = "<group>"; };
		6A19DA322B9042D3007A77A3 /* TweetServiceTests.swift */ = {isa = PBXFileReference; fileEncoding = 4; lastKnownFileType = sourcecode.swift; path = TweetServiceTests.swift; sourceTree = "<group>"; };
		6A19DA342B9042D3007A77A3 /* UserServiceTests.swift */ = {isa = PBXFileReference; fileEncoding = 4; lastKnownFileType = sourcecode.swift; path = UserServiceTests.swift; sourceTree = "<group>"; };
		6A19DA352B9042D3007A77A3 /* HttpServiceTests.swift */ = {isa = PBXFileReference; fileEncoding = 4; lastKnownFileType = sourcecode.swift; path = HttpServiceTests.swift; sourceTree = "<group>"; };
		6A19DA392B9042D3007A77A3 /* Tweets.json */ = {isa = PBXFileReference; fileEncoding = 4; lastKnownFileType = text.json; path = Tweets.json; sourceTree = "<group>"; };
		6A19DA3B2B9042D3007A77A3 /* TestDataConfig.swift */ = {isa = PBXFileReference; fileEncoding = 4; lastKnownFileType = sourcecode.swift; path = TestDataConfig.swift; sourceTree = "<group>"; };
		6AE197B02B8732BE00901ED1 /* WeChatMoments.app */ = {isa = PBXFileReference; explicitFileType = wrapper.application; includeInIndex = 0; path = WeChatMoments.app; sourceTree = BUILT_PRODUCTS_DIR; };
		6AE197B32B8732BE00901ED1 /* WeChatMomentsApp.swift */ = {isa = PBXFileReference; lastKnownFileType = sourcecode.swift; path = WeChatMomentsApp.swift; sourceTree = "<group>"; };
		6AE197B52B8732BE00901ED1 /* MomentView.swift */ = {isa = PBXFileReference; lastKnownFileType = sourcecode.swift; path = MomentView.swift; sourceTree = "<group>"; };
		6AE197B72B8732BF00901ED1 /* Assets.xcassets */ = {isa = PBXFileReference; lastKnownFileType = folder.assetcatalog; path = Assets.xcassets; sourceTree = "<group>"; };
		6AE197BA2B8732BF00901ED1 /* Preview Assets.xcassets */ = {isa = PBXFileReference; lastKnownFileType = folder.assetcatalog; path = "Preview Assets.xcassets"; sourceTree = "<group>"; };
		6AE197C02B8732BF00901ED1 /* WeChatMomentsTests.xctest */ = {isa = PBXFileReference; explicitFileType = wrapper.cfbundle; includeInIndex = 0; path = WeChatMomentsTests.xctest; sourceTree = BUILT_PRODUCTS_DIR; };
		6AE197C42B8732BF00901ED1 /* WeChatMomentsTests.swift */ = {isa = PBXFileReference; lastKnownFileType = sourcecode.swift; path = WeChatMomentsTests.swift; sourceTree = "<group>"; };
		6AE197CA2B8732BF00901ED1 /* WeChatMomentsUITests.xctest */ = {isa = PBXFileReference; explicitFileType = wrapper.cfbundle; includeInIndex = 0; path = WeChatMomentsUITests.xctest; sourceTree = BUILT_PRODUCTS_DIR; };
		6AE197CE2B8732BF00901ED1 /* WeChatMomentsUITests.swift */ = {isa = PBXFileReference; lastKnownFileType = sourcecode.swift; path = WeChatMomentsUITests.swift; sourceTree = "<group>"; };
/* End PBXFileReference section */

/* Begin PBXFrameworksBuildPhase section */
		6AE197AD2B8732BE00901ED1 /* Frameworks */ = {
			isa = PBXFrameworksBuildPhase;
			buildActionMask = 2147483647;
			files = (
			);
			runOnlyForDeploymentPostprocessing = 0;
		};
		6AE197BD2B8732BF00901ED1 /* Frameworks */ = {
			isa = PBXFrameworksBuildPhase;
			buildActionMask = 2147483647;
			files = (
			);
			runOnlyForDeploymentPostprocessing = 0;
		};
		6AE197C72B8732BF00901ED1 /* Frameworks */ = {
			isa = PBXFrameworksBuildPhase;
			buildActionMask = 2147483647;
			files = (
			);
			runOnlyForDeploymentPostprocessing = 0;
		};
/* End PBXFrameworksBuildPhase section */

/* Begin PBXGroup section */
		0B8B6BDA2B8E4297005A9EFD /* View */ = {
			isa = PBXGroup;
			children = (
				0B8B6BDB2B8E42B4005A9EFD /* CommentRowView.swift */,
				0B8B6BDD2B8FACDD005A9EFD /* TweetView.swift */,
			);
			path = View;
			sourceTree = "<group>";
		};
		58F925552B88A704008C4217 /* Model */ = {
			isa = PBXGroup;
			children = (
				58F925562B88A71E008C4217 /* MyModels.swift */,
			);
			path = Model;
			sourceTree = "<group>";
		};
		58F925582B88A73E008C4217 /* Utils */ = {
			isa = PBXGroup;
			children = (
				58F925592B88A757008C4217 /* ImageHelper.swift */,
			);
			path = Utils;
			sourceTree = "<group>";
		};
		58F9255B2B88A95D008C4217 /* Config */ = {
			isa = PBXGroup;
			children = (
				58F9255C2B88A96E008C4217 /* Constant.swift */,
				58F9255E2B88A9D6008C4217 /* UrlConstant.swift */,
			);
			path = Config;
			sourceTree = "<group>";
		};
		58F925622B88AB34008C4217 /* Service */ = {
			isa = PBXGroup;
			children = (
				58F925632B88AB3F008C4217 /* HttpService.swift */,
				58F925652B88AB54008C4217 /* UserService.swift */,
				58F925672B88AB67008C4217 /* TweetService.swift */,
			);
			path = Service;
			sourceTree = "<group>";
		};
		58F925692B88ABE6008C4217 /* Extension */ = {
			isa = PBXGroup;
			children = (
				58F9256A2B88ABF8008C4217 /* Color.swift */,
				58F9256C2B88ABFF008C4217 /* UIImage.swift */,
				58F9256E2B88AC06008C4217 /* String.swift */,
			);
			path = Extension;
			sourceTree = "<group>";
		};
		6A19DA312B9042D3007A77A3 /* Service */ = {
			isa = PBXGroup;
			children = (
				6A19DA322B9042D3007A77A3 /* TweetServiceTests.swift */,
				6A19DA342B9042D3007A77A3 /* UserServiceTests.swift */,
				6A19DA352B9042D3007A77A3 /* HttpServiceTests.swift */,
			);
			path = Service;
			sourceTree = "<group>";
		};
		6A19DA382B9042D3007A77A3 /* Resources */ = {
			isa = PBXGroup;
			children = (
				6A19DA392B9042D3007A77A3 /* Tweets.json */,
			);
			path = Resources;
			sourceTree = "<group>";
		};
		6A19DA3A2B9042D3007A77A3 /* Config */ = {
			isa = PBXGroup;
			children = (
				6A19DA3B2B9042D3007A77A3 /* TestDataConfig.swift */,
			);
			path = Config;
			sourceTree = "<group>";
		};
		6AE197A72B8732BE00901ED1 = {
			isa = PBXGroup;
			children = (
				6AE197B22B8732BE00901ED1 /* WeChatMoments */,
				6AE197C32B8732BF00901ED1 /* WeChatMomentsTests */,
				6AE197CD2B8732BF00901ED1 /* WeChatMomentsUITests */,
				6AE197B12B8732BE00901ED1 /* Products */,
			);
			sourceTree = "<group>";
		};
		6AE197B12B8732BE00901ED1 /* Products */ = {
			isa = PBXGroup;
			children = (
				6AE197B02B8732BE00901ED1 /* WeChatMoments.app */,
				6AE197C02B8732BF00901ED1 /* WeChatMomentsTests.xctest */,
				6AE197CA2B8732BF00901ED1 /* WeChatMomentsUITests.xctest */,
			);
			name = Products;
			sourceTree = "<group>";
		};
		6AE197B22B8732BE00901ED1 /* WeChatMoments */ = {
			isa = PBXGroup;
			children = (
				0B8B6BDA2B8E4297005A9EFD /* View */,
				58F9255B2B88A95D008C4217 /* Config */,
				58F925692B88ABE6008C4217 /* Extension */,
				58F925552B88A704008C4217 /* Model */,
				58F925622B88AB34008C4217 /* Service */,
				58F925582B88A73E008C4217 /* Utils */,
				6AE197B32B8732BE00901ED1 /* WeChatMomentsApp.swift */,
				6AE197B52B8732BE00901ED1 /* MomentView.swift */,
				6AE197B72B8732BF00901ED1 /* Assets.xcassets */,
				6AE197B92B8732BF00901ED1 /* Preview Content */,
			);
			path = WeChatMoments;
			sourceTree = "<group>";
		};
		6AE197B92B8732BF00901ED1 /* Preview Content */ = {
			isa = PBXGroup;
			children = (
				6AE197BA2B8732BF00901ED1 /* Preview Assets.xcassets */,
			);
			path = "Preview Content";
			sourceTree = "<group>";
		};
		6AE197C32B8732BF00901ED1 /* WeChatMomentsTests */ = {
			isa = PBXGroup;
			children = (
				6A19DA3A2B9042D3007A77A3 /* Config */,
				6A19DA382B9042D3007A77A3 /* Resources */,
				6A19DA312B9042D3007A77A3 /* Service */,
				6AE197C42B8732BF00901ED1 /* WeChatMomentsTests.swift */,
			);
			path = WeChatMomentsTests;
			sourceTree = "<group>";
		};
		6AE197CD2B8732BF00901ED1 /* WeChatMomentsUITests */ = {
			isa = PBXGroup;
			children = (
				6AE197CE2B8732BF00901ED1 /* WeChatMomentsUITests.swift */,
			);
			path = WeChatMomentsUITests;
			sourceTree = "<group>";
		};
/* End PBXGroup section */

/* Begin PBXNativeTarget section */
		6AE197AF2B8732BE00901ED1 /* WeChatMoments */ = {
			isa = PBXNativeTarget;
			buildConfigurationList = 6AE197D42B8732BF00901ED1 /* Build configuration list for PBXNativeTarget "WeChatMoments" */;
			buildPhases = (
				6AE197AC2B8732BE00901ED1 /* Sources */,
				6AE197AD2B8732BE00901ED1 /* Frameworks */,
				6AE197AE2B8732BE00901ED1 /* Resources */,
			);
			buildRules = (
			);
			dependencies = (
			);
			name = WeChatMoments;
			packageProductDependencies = (
			);
			productName = WeChatMoments;
			productReference = 6AE197B02B8732BE00901ED1 /* WeChatMoments.app */;
			productType = "com.apple.product-type.application";
		};
		6AE197BF2B8732BF00901ED1 /* WeChatMomentsTests */ = {
			isa = PBXNativeTarget;
			buildConfigurationList = 6AE197D72B8732BF00901ED1 /* Build configuration list for PBXNativeTarget "WeChatMomentsTests" */;
			buildPhases = (
				6AE197BC2B8732BF00901ED1 /* Sources */,
				6AE197BD2B8732BF00901ED1 /* Frameworks */,
				6AE197BE2B8732BF00901ED1 /* Resources */,
			);
			buildRules = (
			);
			dependencies = (
				6AE197C22B8732BF00901ED1 /* PBXTargetDependency */,
			);
			name = WeChatMomentsTests;
			productName = WeChatMomentsTests;
			productReference = 6AE197C02B8732BF00901ED1 /* WeChatMomentsTests.xctest */;
			productType = "com.apple.product-type.bundle.unit-test";
		};
		6AE197C92B8732BF00901ED1 /* WeChatMomentsUITests */ = {
			isa = PBXNativeTarget;
			buildConfigurationList = 6AE197DA2B8732BF00901ED1 /* Build configuration list for PBXNativeTarget "WeChatMomentsUITests" */;
			buildPhases = (
				6AE197C62B8732BF00901ED1 /* Sources */,
				6AE197C72B8732BF00901ED1 /* Frameworks */,
				6AE197C82B8732BF00901ED1 /* Resources */,
			);
			buildRules = (
			);
			dependencies = (
				6AE197CC2B8732BF00901ED1 /* PBXTargetDependency */,
			);
			name = WeChatMomentsUITests;
			productName = WeChatMomentsUITests;
			productReference = 6AE197CA2B8732BF00901ED1 /* WeChatMomentsUITests.xctest */;
			productType = "com.apple.product-type.bundle.ui-testing";
		};
/* End PBXNativeTarget section */

/* Begin PBXProject section */
		6AE197A82B8732BE00901ED1 /* Project object */ = {
			isa = PBXProject;
			attributes = {
				BuildIndependentTargetsInParallel = 1;
				LastSwiftUpdateCheck = 1510;
				LastUpgradeCheck = 1510;
				TargetAttributes = {
					6AE197AF2B8732BE00901ED1 = {
						CreatedOnToolsVersion = 15.1;
					};
					6AE197BF2B8732BF00901ED1 = {
						CreatedOnToolsVersion = 15.1;
						TestTargetID = 6AE197AF2B8732BE00901ED1;
					};
					6AE197C92B8732BF00901ED1 = {
						CreatedOnToolsVersion = 15.1;
						TestTargetID = 6AE197AF2B8732BE00901ED1;
					};
				};
			};
			buildConfigurationList = 6AE197AB2B8732BE00901ED1 /* Build configuration list for PBXProject "WeChatMoments" */;
			compatibilityVersion = "Xcode 14.0";
			developmentRegion = en;
			hasScannedForEncodings = 0;
			knownRegions = (
				en,
				Base,
			);
			mainGroup = 6AE197A72B8732BE00901ED1;
			packageReferences = (
			);
			productRefGroup = 6AE197B12B8732BE00901ED1 /* Products */;
			projectDirPath = "";
			projectRoot = "";
			targets = (
				6AE197AF2B8732BE00901ED1 /* WeChatMoments */,
				6AE197BF2B8732BF00901ED1 /* WeChatMomentsTests */,
				6AE197C92B8732BF00901ED1 /* WeChatMomentsUITests */,
			);
		};
/* End PBXProject section */

/* Begin PBXResourcesBuildPhase section */
		6AE197AE2B8732BE00901ED1 /* Resources */ = {
			isa = PBXResourcesBuildPhase;
			buildActionMask = 2147483647;
			files = (
				6AE197BB2B8732BF00901ED1 /* Preview Assets.xcassets in Resources */,
				6AE197B82B8732BF00901ED1 /* Assets.xcassets in Resources */,
			);
			runOnlyForDeploymentPostprocessing = 0;
		};
		6AE197BE2B8732BF00901ED1 /* Resources */ = {
			isa = PBXResourcesBuildPhase;
			buildActionMask = 2147483647;
			files = (
				6A19DA412B9042D3007A77A3 /* Tweets.json in Resources */,
			);
			runOnlyForDeploymentPostprocessing = 0;
		};
		6AE197C82B8732BF00901ED1 /* Resources */ = {
			isa = PBXResourcesBuildPhase;
			buildActionMask = 2147483647;
			files = (
			);
			runOnlyForDeploymentPostprocessing = 0;
		};
/* End PBXResourcesBuildPhase section */

/* Begin PBXSourcesBuildPhase section */
		6AE197AC2B8732BE00901ED1 /* Sources */ = {
			isa = PBXSourcesBuildPhase;
			buildActionMask = 2147483647;
			files = (
				58F925572B88A71E008C4217 /* MyModels.swift in Sources */,
				0B8B6BDC2B8E42B4005A9EFD /* CommentRowView.swift in Sources */,
				58F9256D2B88ABFF008C4217 /* UIImage.swift in Sources */,
				6AE197B62B8732BE00901ED1 /* MomentView.swift in Sources */,
				58F9255D2B88A96E008C4217 /* Constant.swift in Sources */,
				58F9255F2B88A9D6008C4217 /* UrlConstant.swift in Sources */,
				58F925662B88AB54008C4217 /* UserService.swift in Sources */,
				58F9256F2B88AC06008C4217 /* String.swift in Sources */,
				0B8B6BDE2B8FACDD005A9EFD /* TweetView.swift in Sources */,
				6AE197B42B8732BE00901ED1 /* WeChatMomentsApp.swift in Sources */,
				58F9255A2B88A757008C4217 /* ImageHelper.swift in Sources */,
				58F925642B88AB3F008C4217 /* HttpService.swift in Sources */,
				58F925682B88AB67008C4217 /* TweetService.swift in Sources */,
				58F9256B2B88ABF8008C4217 /* Color.swift in Sources */,
			);
			runOnlyForDeploymentPostprocessing = 0;
		};
		6AE197BC2B8732BF00901ED1 /* Sources */ = {
			isa = PBXSourcesBuildPhase;
			buildActionMask = 2147483647;
			files = (
				6A19DA3E2B9042D3007A77A3 /* UserServiceTests.swift in Sources */,
				6A19DA3F2B9042D3007A77A3 /* HttpServiceTests.swift in Sources */,
				6AE197C52B8732BF00901ED1 /* WeChatMomentsTests.swift in Sources */,
				6A19DA3C2B9042D3007A77A3 /* TweetServiceTests.swift in Sources */,
				6A19DA422B9042D3007A77A3 /* TestDataConfig.swift in Sources */,
			);
			runOnlyForDeploymentPostprocessing = 0;
		};
		6AE197C62B8732BF00901ED1 /* Sources */ = {
			isa = PBXSourcesBuildPhase;
			buildActionMask = 2147483647;
			files = (
				6AE197CF2B8732BF00901ED1 /* WeChatMomentsUITests.swift in Sources */,
			);
			runOnlyForDeploymentPostprocessing = 0;
		};
/* End PBXSourcesBuildPhase section */

/* Begin PBXTargetDependency section */
		6AE197C22B8732BF00901ED1 /* PBXTargetDependency */ = {
			isa = PBXTargetDependency;
			target = 6AE197AF2B8732BE00901ED1 /* WeChatMoments */;
			targetProxy = 6AE197C12B8732BF00901ED1 /* PBXContainerItemProxy */;
		};
		6AE197CC2B8732BF00901ED1 /* PBXTargetDependency */ = {
			isa = PBXTargetDependency;
			target = 6AE197AF2B8732BE00901ED1 /* WeChatMoments */;
			targetProxy = 6AE197CB2B8732BF00901ED1 /* PBXContainerItemProxy */;
		};
/* End PBXTargetDependency section */

/* Begin XCBuildConfiguration section */
		6AE197D22B8732BF00901ED1 /* Debug */ = {
			isa = XCBuildConfiguration;
			buildSettings = {
				ALWAYS_SEARCH_USER_PATHS = NO;
				ASSETCATALOG_COMPILER_GENERATE_SWIFT_ASSET_SYMBOL_EXTENSIONS = YES;
				CLANG_ANALYZER_NONNULL = YES;
				CLANG_ANALYZER_NUMBER_OBJECT_CONVERSION = YES_AGGRESSIVE;
				CLANG_CXX_LANGUAGE_STANDARD = "gnu++20";
				CLANG_ENABLE_MODULES = YES;
				CLANG_ENABLE_OBJC_ARC = YES;
				CLANG_ENABLE_OBJC_WEAK = YES;
				CLANG_WARN_BLOCK_CAPTURE_AUTORELEASING = YES;
				CLANG_WARN_BOOL_CONVERSION = YES;
				CLANG_WARN_COMMA = YES;
				CLANG_WARN_CONSTANT_CONVERSION = YES;
				CLANG_WARN_DEPRECATED_OBJC_IMPLEMENTATIONS = YES;
				CLANG_WARN_DIRECT_OBJC_ISA_USAGE = YES_ERROR;
				CLANG_WARN_DOCUMENTATION_COMMENTS = YES;
				CLANG_WARN_EMPTY_BODY = YES;
				CLANG_WARN_ENUM_CONVERSION = YES;
				CLANG_WARN_INFINITE_RECURSION = YES;
				CLANG_WARN_INT_CONVERSION = YES;
				CLANG_WARN_NON_LITERAL_NULL_CONVERSION = YES;
				CLANG_WARN_OBJC_IMPLICIT_RETAIN_SELF = YES;
				CLANG_WARN_OBJC_LITERAL_CONVERSION = YES;
				CLANG_WARN_OBJC_ROOT_CLASS = YES_ERROR;
				CLANG_WARN_QUOTED_INCLUDE_IN_FRAMEWORK_HEADER = YES;
				CLANG_WARN_RANGE_LOOP_ANALYSIS = YES;
				CLANG_WARN_STRICT_PROTOTYPES = YES;
				CLANG_WARN_SUSPICIOUS_MOVE = YES;
				CLANG_WARN_UNGUARDED_AVAILABILITY = YES_AGGRESSIVE;
				CLANG_WARN_UNREACHABLE_CODE = YES;
				CLANG_WARN__DUPLICATE_METHOD_MATCH = YES;
				COPY_PHASE_STRIP = NO;
				DEBUG_INFORMATION_FORMAT = dwarf;
				ENABLE_STRICT_OBJC_MSGSEND = YES;
				ENABLE_TESTABILITY = YES;
				ENABLE_USER_SCRIPT_SANDBOXING = YES;
				GCC_C_LANGUAGE_STANDARD = gnu17;
				GCC_DYNAMIC_NO_PIC = NO;
				GCC_NO_COMMON_BLOCKS = YES;
				GCC_OPTIMIZATION_LEVEL = 0;
				GCC_PREPROCESSOR_DEFINITIONS = (
					"DEBUG=1",
					"$(inherited)",
				);
				GCC_WARN_64_TO_32_BIT_CONVERSION = YES;
				GCC_WARN_ABOUT_RETURN_TYPE = YES_ERROR;
				GCC_WARN_UNDECLARED_SELECTOR = YES;
				GCC_WARN_UNINITIALIZED_AUTOS = YES_AGGRESSIVE;
				GCC_WARN_UNUSED_FUNCTION = YES;
				GCC_WARN_UNUSED_VARIABLE = YES;
				LOCALIZATION_PREFERS_STRING_CATALOGS = YES;
				MTL_ENABLE_DEBUG_INFO = INCLUDE_SOURCE;
				MTL_FAST_MATH = YES;
				ONLY_ACTIVE_ARCH = YES;
				SDKROOT = iphoneos;
				SWIFT_ACTIVE_COMPILATION_CONDITIONS = "DEBUG $(inherited)";
				SWIFT_OPTIMIZATION_LEVEL = "-Onone";
			};
			name = Debug;
		};
		6AE197D32B8732BF00901ED1 /* Release */ = {
			isa = XCBuildConfiguration;
			buildSettings = {
				ALWAYS_SEARCH_USER_PATHS = NO;
				ASSETCATALOG_COMPILER_GENERATE_SWIFT_ASSET_SYMBOL_EXTENSIONS = YES;
				CLANG_ANALYZER_NONNULL = YES;
				CLANG_ANALYZER_NUMBER_OBJECT_CONVERSION = YES_AGGRESSIVE;
				CLANG_CXX_LANGUAGE_STANDARD = "gnu++20";
				CLANG_ENABLE_MODULES = YES;
				CLANG_ENABLE_OBJC_ARC = YES;
				CLANG_ENABLE_OBJC_WEAK = YES;
				CLANG_WARN_BLOCK_CAPTURE_AUTORELEASING = YES;
				CLANG_WARN_BOOL_CONVERSION = YES;
				CLANG_WARN_COMMA = YES;
				CLANG_WARN_CONSTANT_CONVERSION = YES;
				CLANG_WARN_DEPRECATED_OBJC_IMPLEMENTATIONS = YES;
				CLANG_WARN_DIRECT_OBJC_ISA_USAGE = YES_ERROR;
				CLANG_WARN_DOCUMENTATION_COMMENTS = YES;
				CLANG_WARN_EMPTY_BODY = YES;
				CLANG_WARN_ENUM_CONVERSION = YES;
				CLANG_WARN_INFINITE_RECURSION = YES;
				CLANG_WARN_INT_CONVERSION = YES;
				CLANG_WARN_NON_LITERAL_NULL_CONVERSION = YES;
				CLANG_WARN_OBJC_IMPLICIT_RETAIN_SELF = YES;
				CLANG_WARN_OBJC_LITERAL_CONVERSION = YES;
				CLANG_WARN_OBJC_ROOT_CLASS = YES_ERROR;
				CLANG_WARN_QUOTED_INCLUDE_IN_FRAMEWORK_HEADER = YES;
				CLANG_WARN_RANGE_LOOP_ANALYSIS = YES;
				CLANG_WARN_STRICT_PROTOTYPES = YES;
				CLANG_WARN_SUSPICIOUS_MOVE = YES;
				CLANG_WARN_UNGUARDED_AVAILABILITY = YES_AGGRESSIVE;
				CLANG_WARN_UNREACHABLE_CODE = YES;
				CLANG_WARN__DUPLICATE_METHOD_MATCH = YES;
				COPY_PHASE_STRIP = NO;
				DEBUG_INFORMATION_FORMAT = "dwarf-with-dsym";
				ENABLE_NS_ASSERTIONS = NO;
				ENABLE_STRICT_OBJC_MSGSEND = YES;
				ENABLE_USER_SCRIPT_SANDBOXING = YES;
				GCC_C_LANGUAGE_STANDARD = gnu17;
				GCC_NO_COMMON_BLOCKS = YES;
				GCC_WARN_64_TO_32_BIT_CONVERSION = YES;
				GCC_WARN_ABOUT_RETURN_TYPE = YES_ERROR;
				GCC_WARN_UNDECLARED_SELECTOR = YES;
				GCC_WARN_UNINITIALIZED_AUTOS = YES_AGGRESSIVE;
				GCC_WARN_UNUSED_FUNCTION = YES;
				GCC_WARN_UNUSED_VARIABLE = YES;
				LOCALIZATION_PREFERS_STRING_CATALOGS = YES;
				MTL_ENABLE_DEBUG_INFO = NO;
				MTL_FAST_MATH = YES;
				SDKROOT = iphoneos;
				SWIFT_COMPILATION_MODE = wholemodule;
				VALIDATE_PRODUCT = YES;
			};
			name = Release;
		};
		6AE197D52B8732BF00901ED1 /* Debug */ = {
			isa = XCBuildConfiguration;
			buildSettings = {
				ASSETCATALOG_COMPILER_APPICON_NAME = AppIcon;
				ASSETCATALOG_COMPILER_GLOBAL_ACCENT_COLOR_NAME = AccentColor;
				CODE_SIGN_STYLE = Automatic;
				CURRENT_PROJECT_VERSION = 1;
				DEVELOPMENT_ASSET_PATHS = "\"WeChatMoments/Preview Content\"";
				ENABLE_PREVIEWS = YES;
				GENERATE_INFOPLIST_FILE = YES;
				INFOPLIST_KEY_UIApplicationSceneManifest_Generation = YES;
				INFOPLIST_KEY_UIApplicationSupportsIndirectInputEvents = YES;
				INFOPLIST_KEY_UILaunchScreen_Generation = YES;
				INFOPLIST_KEY_UISupportedInterfaceOrientations_iPad = "UIInterfaceOrientationPortrait UIInterfaceOrientationPortraitUpsideDown UIInterfaceOrientationLandscapeLeft UIInterfaceOrientationLandscapeRight";
				INFOPLIST_KEY_UISupportedInterfaceOrientations_iPhone = "UIInterfaceOrientationPortrait UIInterfaceOrientationLandscapeLeft UIInterfaceOrientationLandscapeRight";
				LD_RUNPATH_SEARCH_PATHS = (
					"$(inherited)",
					"@executable_path/Frameworks",
				);
				MARKETING_VERSION = 1.0;
				PRODUCT_BUNDLE_IDENTIFIER = com.gl.WeChatMoments;
				PRODUCT_NAME = "$(TARGET_NAME)";
				SWIFT_EMIT_LOC_STRINGS = YES;
				SWIFT_VERSION = 5.0;
				TARGETED_DEVICE_FAMILY = "1,2";
			};
			name = Debug;
		};
		6AE197D62B8732BF00901ED1 /* Release */ = {
			isa = XCBuildConfiguration;
			buildSettings = {
				ASSETCATALOG_COMPILER_APPICON_NAME = AppIcon;
				ASSETCATALOG_COMPILER_GLOBAL_ACCENT_COLOR_NAME = AccentColor;
				CODE_SIGN_STYLE = Automatic;
				CURRENT_PROJECT_VERSION = 1;
				DEVELOPMENT_ASSET_PATHS = "\"WeChatMoments/Preview Content\"";
				ENABLE_PREVIEWS = YES;
				GENERATE_INFOPLIST_FILE = YES;
				INFOPLIST_KEY_UIApplicationSceneManifest_Generation = YES;
				INFOPLIST_KEY_UIApplicationSupportsIndirectInputEvents = YES;
				INFOPLIST_KEY_UILaunchScreen_Generation = YES;
				INFOPLIST_KEY_UISupportedInterfaceOrientations_iPad = "UIInterfaceOrientationPortrait UIInterfaceOrientationPortraitUpsideDown UIInterfaceOrientationLandscapeLeft UIInterfaceOrientationLandscapeRight";
				INFOPLIST_KEY_UISupportedInterfaceOrientations_iPhone = "UIInterfaceOrientationPortrait UIInterfaceOrientationLandscapeLeft UIInterfaceOrientationLandscapeRight";
				LD_RUNPATH_SEARCH_PATHS = (
					"$(inherited)",
					"@executable_path/Frameworks",
				);
				MARKETING_VERSION = 1.0;
				PRODUCT_BUNDLE_IDENTIFIER = com.gl.WeChatMoments;
				PRODUCT_NAME = "$(TARGET_NAME)";
				SWIFT_EMIT_LOC_STRINGS = YES;
				SWIFT_VERSION = 5.0;
				TARGETED_DEVICE_FAMILY = "1,2";
			};
			name = Release;
		};
		6AE197D82B8732BF00901ED1 /* Debug */ = {
			isa = XCBuildConfiguration;
			buildSettings = {
				ALWAYS_EMBED_SWIFT_STANDARD_LIBRARIES = YES;
				BUNDLE_LOADER = "$(TEST_HOST)";
				CODE_SIGN_STYLE = Automatic;
				CURRENT_PROJECT_VERSION = 1;
				GENERATE_INFOPLIST_FILE = YES;
				IPHONEOS_DEPLOYMENT_TARGET = 17.2;
				MARKETING_VERSION = 1.0;
				PRODUCT_BUNDLE_IDENTIFIER = com.gl.WeChatMomentsTests;
				PRODUCT_NAME = "$(TARGET_NAME)";
				SWIFT_EMIT_LOC_STRINGS = NO;
				SWIFT_VERSION = 5.0;
				TARGETED_DEVICE_FAMILY = "1,2";
				TEST_HOST = "$(BUILT_PRODUCTS_DIR)/WeChatMoments.app/$(BUNDLE_EXECUTABLE_FOLDER_PATH)/WeChatMoments";
			};
			name = Debug;
		};
		6AE197D92B8732BF00901ED1 /* Release */ = {
			isa = XCBuildConfiguration;
			buildSettings = {
				ALWAYS_EMBED_SWIFT_STANDARD_LIBRARIES = YES;
				BUNDLE_LOADER = "$(TEST_HOST)";
				CODE_SIGN_STYLE = Automatic;
				CURRENT_PROJECT_VERSION = 1;
				GENERATE_INFOPLIST_FILE = YES;
				IPHONEOS_DEPLOYMENT_TARGET = 17.2;
				MARKETING_VERSION = 1.0;
				PRODUCT_BUNDLE_IDENTIFIER = com.gl.WeChatMomentsTests;
				PRODUCT_NAME = "$(TARGET_NAME)";
				SWIFT_EMIT_LOC_STRINGS = NO;
				SWIFT_VERSION = 5.0;
				TARGETED_DEVICE_FAMILY = "1,2";
				TEST_HOST = "$(BUILT_PRODUCTS_DIR)/WeChatMoments.app/$(BUNDLE_EXECUTABLE_FOLDER_PATH)/WeChatMoments";
			};
			name = Release;
		};
		6AE197DB2B8732BF00901ED1 /* Debug */ = {
			isa = XCBuildConfiguration;
			buildSettings = {
				ALWAYS_EMBED_SWIFT_STANDARD_LIBRARIES = YES;
				CODE_SIGN_STYLE = Automatic;
				CURRENT_PROJECT_VERSION = 1;
				GENERATE_INFOPLIST_FILE = YES;
				MARKETING_VERSION = 1.0;
				PRODUCT_BUNDLE_IDENTIFIER = com.gl.WeChatMomentsUITests;
				PRODUCT_NAME = "$(TARGET_NAME)";
				SWIFT_EMIT_LOC_STRINGS = NO;
				SWIFT_VERSION = 5.0;
				TARGETED_DEVICE_FAMILY = "1,2";
				TEST_TARGET_NAME = WeChatMoments;
			};
			name = Debug;
		};
		6AE197DC2B8732BF00901ED1 /* Release */ = {
			isa = XCBuildConfiguration;
			buildSettings = {
				ALWAYS_EMBED_SWIFT_STANDARD_LIBRARIES = YES;
				CODE_SIGN_STYLE = Automatic;
				CURRENT_PROJECT_VERSION = 1;
				GENERATE_INFOPLIST_FILE = YES;
				MARKETING_VERSION = 1.0;
				PRODUCT_BUNDLE_IDENTIFIER = com.gl.WeChatMomentsUITests;
				PRODUCT_NAME = "$(TARGET_NAME)";
				SWIFT_EMIT_LOC_STRINGS = NO;
				SWIFT_VERSION = 5.0;
				TARGETED_DEVICE_FAMILY = "1,2";
				TEST_TARGET_NAME = WeChatMoments;
			};
			name = Release;
		};
/* End XCBuildConfiguration section */

/* Begin XCConfigurationList section */
		6AE197AB2B8732BE00901ED1 /* Build configuration list for PBXProject "WeChatMoments" */ = {
			isa = XCConfigurationList;
			buildConfigurations = (
				6AE197D22B8732BF00901ED1 /* Debug */,
				6AE197D32B8732BF00901ED1 /* Release */,
			);
			defaultConfigurationIsVisible = 0;
			defaultConfigurationName = Release;
		};
		6AE197D42B8732BF00901ED1 /* Build configuration list for PBXNativeTarget "WeChatMoments" */ = {
			isa = XCConfigurationList;
			buildConfigurations = (
				6AE197D52B8732BF00901ED1 /* Debug */,
				6AE197D62B8732BF00901ED1 /* Release */,
			);
			defaultConfigurationIsVisible = 0;
			defaultConfigurationName = Release;
		};
		6AE197D72B8732BF00901ED1 /* Build configuration list for PBXNativeTarget "WeChatMomentsTests" */ = {
			isa = XCConfigurationList;
			buildConfigurations = (
				6AE197D82B8732BF00901ED1 /* Debug */,
				6AE197D92B8732BF00901ED1 /* Release */,
			);
			defaultConfigurationIsVisible = 0;
			defaultConfigurationName = Release;
		};
		6AE197DA2B8732BF00901ED1 /* Build configuration list for PBXNativeTarget "WeChatMomentsUITests" */ = {
			isa = XCConfigurationList;
			buildConfigurations = (
				6AE197DB2B8732BF00901ED1 /* Debug */,
				6AE197DC2B8732BF00901ED1 /* Release */,
			);
			defaultConfigurationIsVisible = 0;
			defaultConfigurationName = Release;
		};
/* End XCConfigurationList section */
	};
	rootObject = 6AE197A82B8732BE00901ED1 /* Project object */;
}
